
Microsoft Visual Studio Solution File, Format Version 12.00
# Visual Studio Version 16
VisualStudioVersion = 16.0.32602.291
MinimumVisualStudioVersion = 10.0.40219.1
Project("{2150E333-8FDC-42A3-9474-1A3956D46DE8}") = "API", "API", "{BE43BB74-5F82-41ED-A696-BEC57B56B629}"
EndProject
Project("{FAE04EC0-301F-11D3-BF4B-00C04F79EFBC}") = "AbokiAPI", "API\AbokiAPI\AbokiAPI.csproj", "{A6C610D3-E0F4-43C9-8B4C-EFD21B11707F}"
EndProject
Project("{2150E333-8FDC-42A3-9474-1A3956D46DE8}") = "Shared", "Shared", "{9D0FFC70-D08E-4235-ADAE-741635536410}"
EndProject
Project("{FAE04EC0-301F-11D3-BF4B-00C04F79EFBC}") = "AbokiData", "Shared\AbokiData\AbokiData.csproj", "{FE7C6BCA-2EF0-4479-A835-AD6CF7B1EC8F}"
EndProject
Project("{FAE04EC0-301F-11D3-BF4B-00C04F79EFBC}") = "AbokiCore", "Shared\AbokiCore\AbokiCore.csproj", "{716DA526-113B-49FD-9E6B-7845E263F1FE}"
EndProject
Global
	GlobalSection(SolutionConfigurationPlatforms) = preSolution
		Debug|Any CPU = Debug|Any CPU
		Release|Any CPU = Release|Any CPU
	EndGlobalSection
	GlobalSection(ProjectConfigurationPlatforms) = postSolution
		{A6C610D3-E0F4-43C9-8B4C-EFD21B11707F}.Debug|Any CPU.ActiveCfg = Debug|Any CPU
		{A6C610D3-E0F4-43C9-8B4C-EFD21B11707F}.Debug|Any CPU.Build.0 = Debug|Any CPU
		{A6C610D3-E0F4-43C9-8B4C-EFD21B11707F}.Release|Any CPU.ActiveCfg = Release|Any CPU
		{A6C610D3-E0F4-43C9-8B4C-EFD21B11707F}.Release|Any CPU.Build.0 = Release|Any CPU
		{FE7C6BCA-2EF0-4479-A835-AD6CF7B1EC8F}.Debug|Any CPU.ActiveCfg = Debug|Any CPU
		{FE7C6BCA-2EF0-4479-A835-AD6CF7B1EC8F}.Debug|Any CPU.Build.0 = Debug|Any CPU
		{FE7C6BCA-2EF0-4479-A835-AD6CF7B1EC8F}.Release|Any CPU.ActiveCfg = Release|Any CPU
		{FE7C6BCA-2EF0-4479-A835-AD6CF7B1EC8F}.Release|Any CPU.Build.0 = Release|Any CPU
		{716DA526-113B-49FD-9E6B-7845E263F1FE}.Debug|Any CPU.ActiveCfg = Debug|Any CPU
		{716DA526-113B-49FD-9E6B-7845E263F1FE}.Debug|Any CPU.Build.0 = Debug|Any CPU
		{716DA526-113B-49FD-9E6B-7845E263F1FE}.Release|Any CPU.ActiveCfg = Release|Any CPU
		{716DA526-113B-49FD-9E6B-7845E263F1FE}.Release|Any CPU.Build.0 = Release|Any CPU
	EndGlobalSection
	GlobalSection(SolutionProperties) = preSolution
		HideSolutionNode = FALSE
	EndGlobalSection
	GlobalSection(NestedProjects) = preSolution
		{A6C610D3-E0F4-43C9-8B4C-EFD21B11707F} = {BE43BB74-5F82-41ED-A696-BEC57B56B629}
		{FE7C6BCA-2EF0-4479-A835-AD6CF7B1EC8F} = {9D0FFC70-D08E-4235-ADAE-741635536410}
		{716DA526-113B-49FD-9E6B-7845E263F1FE} = {9D0FFC70-D08E-4235-ADAE-741635536410}
	EndGlobalSection
	GlobalSection(ExtensibilityGlobals) = postSolution
		SolutionGuid = {A8A8916B-0AD0-4B9F-80F0-A63E6F184DEF}
	EndGlobalSection
EndGlobal
